
Microsoft Visual Studio Solution File, Format Version 12.00
# Visual Studio Version 17
VisualStudioVersion = 17.9.34728.123
MinimumVisualStudioVersion = 10.0.40219.1
Project("{FAE04EC0-301F-11D3-BF4B-00C04F79EFBC}") = "CrudApi", "CrudApi\CrudApi.csproj", "{6B9757AA-4092-4CDE-853D-BD5A3E2DC314}"
EndProject
Global
	GlobalSection(SolutionConfigurationPlatforms) = preSolution
		Debug|Any CPU = Debug|Any CPU
		Release|Any CPU = Release|Any CPU
	EndGlobalSection
	GlobalSection(ProjectConfigurationPlatforms) = postSolution
		{6B9757AA-4092-4CDE-853D-BD5A3E2DC314}.Debug|Any CPU.ActiveCfg = Debug|Any CPU
		{6B9757AA-4092-4CDE-853D-BD5A3E2DC314}.Debug|Any CPU.Build.0 = Debug|Any CPU
		{6B9757AA-4092-4CDE-853D-BD5A3E2DC314}.Release|Any CPU.ActiveCfg = Release|Any CPU
		{6B9757AA-4092-4CDE-853D-BD5A3E2DC314}.Release|Any CPU.Build.0 = Release|Any CPU
	EndGlobalSection
	GlobalSection(SolutionProperties) = preSolution
		HideSolutionNode = FALSE
	EndGlobalSection
	GlobalSection(ExtensibilityGlobals) = postSolution
		SolutionGuid = {DAE46D7F-B08F-4A1E-A8E9-3EFD3C087659}
	EndGlobalSection
EndGlobal
